
Microsoft Visual Studio Solution File, Format Version 12.00
# Visual Studio Version 16
VisualStudioVersion = 16.0.29009.5
MinimumVisualStudioVersion = 10.0.40219.1
Project("{FAE04EC0-301F-11D3-BF4B-00C04F79EFBC}") = "Askisi bookstore", "Askisi bookstore\Askisi bookstore.csproj", "{C7B3399E-7B62-4489-BE18-7842D905EC02}"
EndProject
Global
	GlobalSection(SolutionConfigurationPlatforms) = preSolution
		Debug|Any CPU = Debug|Any CPU
		Release|Any CPU = Release|Any CPU
	EndGlobalSection
	GlobalSection(ProjectConfigurationPlatforms) = postSolution
		{C7B3399E-7B62-4489-BE18-7842D905EC02}.Debug|Any CPU.ActiveCfg = Debug|Any CPU
		{C7B3399E-7B62-4489-BE18-7842D905EC02}.Debug|Any CPU.Build.0 = Debug|Any CPU
		{C7B3399E-7B62-4489-BE18-7842D905EC02}.Release|Any CPU.ActiveCfg = Release|Any CPU
		{C7B3399E-7B62-4489-BE18-7842D905EC02}.Release|Any CPU.Build.0 = Release|Any CPU
	EndGlobalSection
	GlobalSection(SolutionProperties) = preSolution
		HideSolutionNode = FALSE
	EndGlobalSection
	GlobalSection(ExtensibilityGlobals) = postSolution
		SolutionGuid = {E06E0A7C-4A7A-4715-B922-00D5B2E6BE22}
	EndGlobalSection
EndGlobal
